
Microsoft Visual Studio Solution File, Format Version 12.00
# Visual Studio Version 16
VisualStudioVersion = 16.0.29102.190
MinimumVisualStudioVersion = 10.0.40219.1
Project("{8BC9CEB8-8B4A-11D0-8D11-00A0C91BC942}") = "Node_Manager_Relay_Timer", "Node_Manager_Relay_Timer.vcxproj", "{89B78F53-6BBD-45EC-99D6-AC9AA27FEC6B}"
EndProject
Global
	GlobalSection(SolutionConfigurationPlatforms) = preSolution
		Debug|x86 = Debug|x86
		Release|x86 = Release|x86
	EndGlobalSection
	GlobalSection(ProjectConfigurationPlatforms) = postSolution
		{89B78F53-6BBD-45EC-99D6-AC9AA27FEC6B}.Debug|x86.ActiveCfg = Debug|Win32
		{89B78F53-6BBD-45EC-99D6-AC9AA27FEC6B}.Debug|x86.Build.0 = Debug|Win32
		{89B78F53-6BBD-45EC-99D6-AC9AA27FEC6B}.Release|x86.ActiveCfg = Release|Win32
		{89B78F53-6BBD-45EC-99D6-AC9AA27FEC6B}.Release|x86.Build.0 = Release|Win32
	EndGlobalSection
	GlobalSection(SolutionProperties) = preSolution
		HideSolutionNode = FALSE
	EndGlobalSection
	GlobalSection(ExtensibilityGlobals) = postSolution
		SolutionGuid = {F55ED67B-4ABC-4EDE-81BB-4CDC6647FCFE}
	EndGlobalSection
EndGlobal
